{
  "name": "git-auto-switch",
  "version": "0.3.0",
  "lockfileVersion": 3,
  "requires": true,
  "packages": {
    "": {
      "name": "git-auto-switch",
      "version": "0.3.0",
      "license": "MIT",
      "os": [
        "darwin",
        "linux"
      ],
      "bin": {
        "gas": "bin/git-auto-switch.js",
        "git-auto-switch": "bin/git-auto-switch.js"
      },
      "engines": {
        "node": ">=22.0.0"
      }
    }
  }
}
